// !$*UTF8*$!
{
	archiveVersion = 1;
	classes = {
	};
	objectVersion = 50;
	objects = {

/* Begin PBXBuildFile section */
		26260CCB2605B9B9002B0026 /* shapefil.h in Headers */ = {isa = PBXBuildFile; fileRef = 26260CCA2605B9B9002B0026 /* shapefil.h */; };
		26260CD32605B9D5002B0026 /* dbfopen.c in Sources */ = {isa = PBXBuildFile; fileRef = 26260CCD2605B9D5002B0026 /* dbfopen.c */; };
		26260CD42605B9D5002B0026 /* sbnsearch.c in Sources */ = {isa = PBXBuildFile; fileRef = 26260CCE2605B9D5002B0026 /* sbnsearch.c */; };
		26260CD52605B9D5002B0026 /* shptree.c in Sources */ = {isa = PBXBuildFile; fileRef = 26260CCF2605B9D5002B0026 /* shptree.c */; };
		26260CD62605B9D5002B0026 /* shputils.c in Sources */ = {isa = PBXBuildFile; fileRef = 26260CD02605B9D5002B0026 /* shputils.c */; };
		26260CD72605B9D5002B0026 /* safileio.c in Sources */ = {isa = PBXBuildFile; fileRef = 26260CD12605B9D5002B0026 /* safileio.c */; };
		26260CD82605B9D5002B0026 /* shpopen.c in Sources */ = {isa = PBXBuildFile; fileRef = 26260CD22605B9D5002B0026 /* shpopen.c */; };
/* End PBXBuildFile section */

/* Begin PBXCopyFilesBuildPhase section */
		26260CDA2605BA37002B0026 /* CopyFiles */ = {
			isa = PBXCopyFilesBuildPhase;
			buildActionMask = 12;
			dstPath = /Users/sahrk/CODE/DGGRID/DGGRID/shapelib;
			dstSubfolderSpec = 0;
			files = (
			);
			runOnlyForDeploymentPostprocessing = 0;
		};
/* End PBXCopyFilesBuildPhase section */

/* Begin PBXFileReference section */
		26260CC02605B98B002B0026 /* libshapelib.a */ = {isa = PBXFileReference; explicitFileType = archive.ar; includeInIndex = 0; path = libshapelib.a; sourceTree = BUILT_PRODUCTS_DIR; };
		26260CCA2605B9B9002B0026 /* shapefil.h */ = {isa = PBXFileReference; fileEncoding = 4; lastKnownFileType = sourcecode.c.h; name = shapefil.h; path = ../../src/lib/shapelib/include/shapefil.h; sourceTree = "<group>"; };
		26260CCD2605B9D5002B0026 /* dbfopen.c */ = {isa = PBXFileReference; fileEncoding = 4; lastKnownFileType = sourcecode.c.c; name = dbfopen.c; path = ../../src/lib/shapelib/lib/dbfopen.c; sourceTree = "<group>"; };
		26260CCE2605B9D5002B0026 /* sbnsearch.c */ = {isa = PBXFileReference; fileEncoding = 4; lastKnownFileType = sourcecode.c.c; name = sbnsearch.c; path = ../../src/lib/shapelib/lib/sbnsearch.c; sourceTree = "<group>"; };
		26260CCF2605B9D5002B0026 /* shptree.c */ = {isa = PBXFileReference; fileEncoding = 4; lastKnownFileType = sourcecode.c.c; name = shptree.c; path = ../../src/lib/shapelib/lib/shptree.c; sourceTree = "<group>"; };
		26260CD02605B9D5002B0026 /* shputils.c */ = {isa = PBXFileReference; fileEncoding = 4; lastKnownFileType = sourcecode.c.c; name = shputils.c; path = ../../src/lib/shapelib/lib/shputils.c; sourceTree = "<group>"; };
		26260CD12605B9D5002B0026 /* safileio.c */ = {isa = PBXFileReference; fileEncoding = 4; lastKnownFileType = sourcecode.c.c; name = safileio.c; path = ../../src/lib/shapelib/lib/safileio.c; sourceTree = "<group>"; };
		26260CD22605B9D5002B0026 /* shpopen.c */ = {isa = PBXFileReference; fileEncoding = 4; lastKnownFileType = sourcecode.c.c; name = shpopen.c; path = ../../src/lib/shapelib/lib/shpopen.c; sourceTree = "<group>"; };
/* End PBXFileReference section */

/* Begin PBXFrameworksBuildPhase section */
		26260CBE2605B98B002B0026 /* Frameworks */ = {
			isa = PBXFrameworksBuildPhase;
			buildActionMask = 2147483647;
			files = (
			);
			runOnlyForDeploymentPostprocessing = 0;
		};
/* End PBXFrameworksBuildPhase section */

/* Begin PBXGroup section */
		26260CB72605B98B002B0026 = {
			isa = PBXGroup;
			children = (
				26260CC92605B9A5002B0026 /* include */,
				26260CC82605B99A002B0026 /* lib */,
				26260CC12605B98B002B0026 /* Products */,
			);
			sourceTree = "<group>";
		};
		26260CC12605B98B002B0026 /* Products */ = {
			isa = PBXGroup;
			children = (
				26260CC02605B98B002B0026 /* libshapelib.a */,
			);
			name = Products;
			sourceTree = "<group>";
		};
		26260CC82605B99A002B0026 /* lib */ = {
			isa = PBXGroup;
			children = (
				26260CCD2605B9D5002B0026 /* dbfopen.c */,
				26260CD12605B9D5002B0026 /* safileio.c */,
				26260CCE2605B9D5002B0026 /* sbnsearch.c */,
				26260CD22605B9D5002B0026 /* shpopen.c */,
				26260CCF2605B9D5002B0026 /* shptree.c */,
				26260CD02605B9D5002B0026 /* shputils.c */,
			);
			path = lib;
			sourceTree = "<group>";
		};
		26260CC92605B9A5002B0026 /* include */ = {
			isa = PBXGroup;
			children = (
				26260CCA2605B9B9002B0026 /* shapefil.h */,
			);
			path = include;
			sourceTree = "<group>";
		};
/* End PBXGroup section */

/* Begin PBXHeadersBuildPhase section */
		26260CBC2605B98B002B0026 /* Headers */ = {
			isa = PBXHeadersBuildPhase;
			buildActionMask = 2147483647;
			files = (
				26260CCB2605B9B9002B0026 /* shapefil.h in Headers */,
			);
			runOnlyForDeploymentPostprocessing = 0;
		};
/* End PBXHeadersBuildPhase section */

/* Begin PBXNativeTarget section */
		26260CBF2605B98B002B0026 /* shapelib */ = {
			isa = PBXNativeTarget;
			buildConfigurationList = 26260CC42605B98B002B0026 /* Build configuration list for PBXNativeTarget "shapelib" */;
			buildPhases = (
				26260CBC2605B98B002B0026 /* Headers */,
				26260CBD2605B98B002B0026 /* Sources */,
				26260CBE2605B98B002B0026 /* Frameworks */,
				26260CDA2605BA37002B0026 /* CopyFiles */,
			);
			buildRules = (
			);
			dependencies = (
			);
			name = shapelib;
			productName = shapelib;
			productReference = 26260CC02605B98B002B0026 /* libshapelib.a */;
			productType = "com.apple.product-type.library.static";
		};
/* End PBXNativeTarget section */

/* Begin PBXProject section */
		26260CB82605B98B002B0026 /* Project object */ = {
			isa = PBXProject;
			attributes = {
				LastUpgradeCheck = 1240;
				TargetAttributes = {
					26260CBF2605B98B002B0026 = {
						CreatedOnToolsVersion = 12.4;
					};
				};
			};
			buildConfigurationList = 26260CBB2605B98B002B0026 /* Build configuration list for PBXProject "shapelib" */;
			compatibilityVersion = "Xcode 9.3";
			developmentRegion = en;
			hasScannedForEncodings = 0;
			knownRegions = (
				en,
				Base,
			);
			mainGroup = 26260CB72605B98B002B0026;
			productRefGroup = 26260CC12605B98B002B0026 /* Products */;
			projectDirPath = "";
			projectRoot = "";
			targets = (
				26260CBF2605B98B002B0026 /* shapelib */,
			);
		};
/* End PBXProject section */

/* Begin PBXSourcesBuildPhase section */
		26260CBD2605B98B002B0026 /* Sources */ = {
			isa = PBXSourcesBuildPhase;
			buildActionMask = 2147483647;
			files = (
				26260CD72605B9D5002B0026 /* safileio.c in Sources */,
				26260CD82605B9D5002B0026 /* shpopen.c in Sources */,
				26260CD32605B9D5002B0026 /* dbfopen.c in Sources */,
				26260CD52605B9D5002B0026 /* shptree.c in Sources */,
				26260CD42605B9D5002B0026 /* sbnsearch.c in Sources */,
				26260CD62605B9D5002B0026 /* shputils.c in Sources */,
			);
			runOnlyForDeploymentPostprocessing = 0;
		};
/* End PBXSourcesBuildPhase section */

/* Begin XCBuildConfiguration section */
		26260CC22605B98B002B0026 /* Debug */ = {
			isa = XCBuildConfiguration;
			buildSettings = {
				ALWAYS_SEARCH_USER_PATHS = NO;
				CLANG_ANALYZER_NONNULL = YES;
				CLANG_ANALYZER_NUMBER_OBJECT_CONVERSION = YES_AGGRESSIVE;
				CLANG_CXX_LANGUAGE_STANDARD = "gnu++14";
				CLANG_CXX_LIBRARY = "libc++";
				CLANG_ENABLE_MODULES = YES;
				CLANG_ENABLE_OBJC_ARC = YES;
				CLANG_ENABLE_OBJC_WEAK = YES;
				CLANG_WARN_BLOCK_CAPTURE_AUTORELEASING = YES;
				CLANG_WARN_BOOL_CONVERSION = YES;
				CLANG_WARN_COMMA = YES;
				CLANG_WARN_CONSTANT_CONVERSION = YES;
				CLANG_WARN_DEPRECATED_OBJC_IMPLEMENTATIONS = YES;
				CLANG_WARN_DIRECT_OBJC_ISA_USAGE = YES_ERROR;
				CLANG_WARN_DOCUMENTATION_COMMENTS = YES;
				CLANG_WARN_EMPTY_BODY = YES;
				CLANG_WARN_ENUM_CONVERSION = YES;
				CLANG_WARN_INFINITE_RECURSION = YES;
				CLANG_WARN_INT_CONVERSION = YES;
				CLANG_WARN_NON_LITERAL_NULL_CONVERSION = YES;
				CLANG_WARN_OBJC_IMPLICIT_RETAIN_SELF = YES;
				CLANG_WARN_OBJC_LITERAL_CONVERSION = YES;
				CLANG_WARN_OBJC_ROOT_CLASS = YES_ERROR;
				CLANG_WARN_QUOTED_INCLUDE_IN_FRAMEWORK_HEADER = YES;
				CLANG_WARN_RANGE_LOOP_ANALYSIS = YES;
				CLANG_WARN_STRICT_PROTOTYPES = YES;
				CLANG_WARN_SUSPICIOUS_MOVE = YES;
				CLANG_WARN_UNGUARDED_AVAILABILITY = YES_AGGRESSIVE;
				CLANG_WARN_UNREACHABLE_CODE = YES;
				CLANG_WARN__DUPLICATE_METHOD_MATCH = YES;
				COPY_PHASE_STRIP = NO;
				DEBUG_INFORMATION_FORMAT = dwarf;
				ENABLE_STRICT_OBJC_MSGSEND = YES;
				ENABLE_TESTABILITY = YES;
				GCC_C_LANGUAGE_STANDARD = gnu11;
				GCC_DYNAMIC_NO_PIC = NO;
				GCC_NO_COMMON_BLOCKS = YES;
				GCC_OPTIMIZATION_LEVEL = 0;
				GCC_PREPROCESSOR_DEFINITIONS = (
					"DEBUG=1",
					"$(inherited)",
				);
				GCC_WARN_64_TO_32_BIT_CONVERSION = YES;
				GCC_WARN_ABOUT_RETURN_TYPE = YES_ERROR;
				GCC_WARN_UNDECLARED_SELECTOR = YES;
				GCC_WARN_UNINITIALIZED_AUTOS = YES_AGGRESSIVE;
				GCC_WARN_UNUSED_FUNCTION = YES;
				GCC_WARN_UNUSED_VARIABLE = YES;
				MACOSX_DEPLOYMENT_TARGET = 11.0;
				MTL_ENABLE_DEBUG_INFO = INCLUDE_SOURCE;
				MTL_FAST_MATH = YES;
				ONLY_ACTIVE_ARCH = YES;
				SDKROOT = macosx;
			};
			name = Debug;
		};
		26260CC32605B98B002B0026 /* Release */ = {
			isa = XCBuildConfiguration;
			buildSettings = {
				ALWAYS_SEARCH_USER_PATHS = NO;
				CLANG_ANALYZER_NONNULL = YES;
				CLANG_ANALYZER_NUMBER_OBJECT_CONVERSION = YES_AGGRESSIVE;
				CLANG_CXX_LANGUAGE_STANDARD = "gnu++14";
				CLANG_CXX_LIBRARY = "libc++";
				CLANG_ENABLE_MODULES = YES;
				CLANG_ENABLE_OBJC_ARC = YES;
				CLANG_ENABLE_OBJC_WEAK = YES;
				CLANG_WARN_BLOCK_CAPTURE_AUTORELEASING = YES;
				CLANG_WARN_BOOL_CONVERSION = YES;
				CLANG_WARN_COMMA = YES;
				CLANG_WARN_CONSTANT_CONVERSION = YES;
				CLANG_WARN_DEPRECATED_OBJC_IMPLEMENTATIONS = YES;
				CLANG_WARN_DIRECT_OBJC_ISA_USAGE = YES_ERROR;
				CLANG_WARN_DOCUMENTATION_COMMENTS = YES;
				CLANG_WARN_EMPTY_BODY = YES;
				CLANG_WARN_ENUM_CONVERSION = YES;
				CLANG_WARN_INFINITE_RECURSION = YES;
				CLANG_WARN_INT_CONVERSION = YES;
				CLANG_WARN_NON_LITERAL_NULL_CONVERSION = YES;
				CLANG_WARN_OBJC_IMPLICIT_RETAIN_SELF = YES;
				CLANG_WARN_OBJC_LITERAL_CONVERSION = YES;
				CLANG_WARN_OBJC_ROOT_CLASS = YES_ERROR;
				CLANG_WARN_QUOTED_INCLUDE_IN_FRAMEWORK_HEADER = YES;
				CLANG_WARN_RANGE_LOOP_ANALYSIS = YES;
				CLANG_WARN_STRICT_PROTOTYPES = YES;
				CLANG_WARN_SUSPICIOUS_MOVE = YES;
				CLANG_WARN_UNGUARDED_AVAILABILITY = YES_AGGRESSIVE;
				CLANG_WARN_UNREACHABLE_CODE = YES;
				CLANG_WARN__DUPLICATE_METHOD_MATCH = YES;
				COPY_PHASE_STRIP = NO;
				DEBUG_INFORMATION_FORMAT = "dwarf-with-dsym";
				ENABLE_NS_ASSERTIONS = NO;
				ENABLE_STRICT_OBJC_MSGSEND = YES;
				GCC_C_LANGUAGE_STANDARD = gnu11;
				GCC_NO_COMMON_BLOCKS = YES;
				GCC_WARN_64_TO_32_BIT_CONVERSION = YES;
				GCC_WARN_ABOUT_RETURN_TYPE = YES_ERROR;
				GCC_WARN_UNDECLARED_SELECTOR = YES;
				GCC_WARN_UNINITIALIZED_AUTOS = YES_AGGRESSIVE;
				GCC_WARN_UNUSED_FUNCTION = YES;
				GCC_WARN_UNUSED_VARIABLE = YES;
				MACOSX_DEPLOYMENT_TARGET = 11.0;
				MTL_ENABLE_DEBUG_INFO = NO;
				MTL_FAST_MATH = YES;
				SDKROOT = macosx;
			};
			name = Release;
		};
		26260CC52605B98B002B0026 /* Debug */ = {
			isa = XCBuildConfiguration;
			buildSettings = {
				CODE_SIGN_STYLE = Automatic;
				EXECUTABLE_PREFIX = lib;
				PRODUCT_NAME = "$(TARGET_NAME)";
				SKIP_INSTALL = YES;
			};
			name = Debug;
		};
		26260CC62605B98B002B0026 /* Release */ = {
			isa = XCBuildConfiguration;
			buildSettings = {
				CODE_SIGN_STYLE = Automatic;
				EXECUTABLE_PREFIX = lib;
				PRODUCT_NAME = "$(TARGET_NAME)";
				SKIP_INSTALL = YES;
			};
			name = Release;
		};
/* End XCBuildConfiguration section */

/* Begin XCConfigurationList section */
		26260CBB2605B98B002B0026 /* Build configuration list for PBXProject "shapelib" */ = {
			isa = XCConfigurationList;
			buildConfigurations = (
				26260CC22605B98B002B0026 /* Debug */,
				26260CC32605B98B002B0026 /* Release */,
			);
			defaultConfigurationIsVisible = 0;
			defaultConfigurationName = Release;
		};
		26260CC42605B98B002B0026 /* Build configuration list for PBXNativeTarget "shapelib" */ = {
			isa = XCConfigurationList;
			buildConfigurations = (
				26260CC52605B98B002B0026 /* Debug */,
				26260CC62605B98B002B0026 /* Release */,
			);
			defaultConfigurationIsVisible = 0;
			defaultConfigurationName = Release;
		};
/* End XCConfigurationList section */
	};
	rootObject = 26260CB82605B98B002B0026 /* Project object */;
}
